// !$*UTF8*$!
{
	archiveVersion = 1;
	classes = {
	};
	objectVersion = 55;
	objects = {

/* Begin PBXBuildFile section */
		D1AF3FBD2801EBB400795E8F /* ChangeCurrency.storyboard in Resources */ = {isa = PBXBuildFile; fileRef = D1AF3FBC2801EBB400795E8F /* ChangeCurrency.storyboard */; };
		D1AF3FC52801F3C500795E8F /* UILabel.swift in Sources */ = {isa = PBXBuildFile; fileRef = D1AF3FC42801F3C500795E8F /* UILabel.swift */; };
		D1AF3FC72801F3FF00795E8F /* UIFont.swift in Sources */ = {isa = PBXBuildFile; fileRef = D1AF3FC62801F3FF00795E8F /* UIFont.swift */; };
		D1AF3FC92801F54B00795E8F /* UIColor.swift in Sources */ = {isa = PBXBuildFile; fileRef = D1AF3FC82801F54B00795E8F /* UIColor.swift */; };
		D1AF3FCB2801F6EA00795E8F /* UITextField.swift in Sources */ = {isa = PBXBuildFile; fileRef = D1AF3FCA2801F6EA00795E8F /* UITextField.swift */; };
		D1AF3FCD2801F97700795E8F /* UIView.swift in Sources */ = {isa = PBXBuildFile; fileRef = D1AF3FCC2801F97700795E8F /* UIView.swift */; };
		D1AF3FD82803812E00795E8F /* ChangeCurrencyViewController.swift in Sources */ = {isa = PBXBuildFile; fileRef = D1AF3FD72803812D00795E8F /* ChangeCurrencyViewController.swift */; };
		D1B6EC592801E34D0003BA0C /* AppDelegate.swift in Sources */ = {isa = PBXBuildFile; fileRef = D1B6EC582801E34D0003BA0C /* AppDelegate.swift */; };
		D1B6EC5B2801E34D0003BA0C /* SceneDelegate.swift in Sources */ = {isa = PBXBuildFile; fileRef = D1B6EC5A2801E34D0003BA0C /* SceneDelegate.swift */; };
		D1B6EC5D2801E34D0003BA0C /* ViewController.swift in Sources */ = {isa = PBXBuildFile; fileRef = D1B6EC5C2801E34D0003BA0C /* ViewController.swift */; };
		D1B6EC622801E34F0003BA0C /* Assets.xcassets in Resources */ = {isa = PBXBuildFile; fileRef = D1B6EC612801E34F0003BA0C /* Assets.xcassets */; };
		D1B6EC652801E34F0003BA0C /* LaunchScreen.storyboard in Resources */ = {isa = PBXBuildFile; fileRef = D1B6EC632801E34F0003BA0C /* LaunchScreen.storyboard */; };
		D1B6EC702801E34F0003BA0C /* BCP_ChallengeTests.swift in Sources */ = {isa = PBXBuildFile; fileRef = D1B6EC6F2801E34F0003BA0C /* BCP_ChallengeTests.swift */; };
		D1B6EC7A2801E3500003BA0C /* BCP_ChallengeUITests.swift in Sources */ = {isa = PBXBuildFile; fileRef = D1B6EC792801E3500003BA0C /* BCP_ChallengeUITests.swift */; };
		D1B6EC7C2801E3500003BA0C /* BCP_ChallengeUITestsLaunchTests.swift in Sources */ = {isa = PBXBuildFile; fileRef = D1B6EC7B2801E3500003BA0C /* BCP_ChallengeUITestsLaunchTests.swift */; };
		D1B6EC8B2801E6650003BA0C /* UITableView.swift in Sources */ = {isa = PBXBuildFile; fileRef = D1B6EC8A2801E6650003BA0C /* UITableView.swift */; };
		D1B6EC8D2801E69F0003BA0C /* UITableViewCell.swift in Sources */ = {isa = PBXBuildFile; fileRef = D1B6EC8C2801E69F0003BA0C /* UITableViewCell.swift */; };
		D1C64A8A28038ADB00B6037D /* CurrencyChangeTableViewCell.swift in Sources */ = {isa = PBXBuildFile; fileRef = D1C64A8728038ADB00B6037D /* CurrencyChangeTableViewCell.swift */; };
		D1C64A8B28038ADB00B6037D /* CurrencyChangeTableViewCell.xib in Resources */ = {isa = PBXBuildFile; fileRef = D1C64A8828038ADB00B6037D /* CurrencyChangeTableViewCell.xib */; };
		D1C64A8C28038ADB00B6037D /* Currency.swift in Sources */ = {isa = PBXBuildFile; fileRef = D1C64A8928038ADB00B6037D /* Currency.swift */; };
		D1C64A8F28039E8000B6037D /* OtherCurrenciesTableViewCell.swift in Sources */ = {isa = PBXBuildFile; fileRef = D1C64A8D28039E8000B6037D /* OtherCurrenciesTableViewCell.swift */; };
		D1C64A9028039E8000B6037D /* OtherCurrenciesTableViewCell.xib in Resources */ = {isa = PBXBuildFile; fileRef = D1C64A8E28039E8000B6037D /* OtherCurrenciesTableViewCell.xib */; };
		D1C64A932803A0E400B6037D /* OtherCurrencies.storyboard in Resources */ = {isa = PBXBuildFile; fileRef = D1C64A922803A0E400B6037D /* OtherCurrencies.storyboard */; };
		D1C64A952803A10000B6037D /* OtherCurrenciesViewController.swift in Sources */ = {isa = PBXBuildFile; fileRef = D1C64A942803A10000B6037D /* OtherCurrenciesViewController.swift */; };
		D1C64A972803A1EA00B6037D /* PairCurrency.swift in Sources */ = {isa = PBXBuildFile; fileRef = D1C64A962803A1EA00B6037D /* PairCurrency.swift */; };
		D1C64A992803C1A600B6037D /* currencies.json in Resources */ = {isa = PBXBuildFile; fileRef = D1C64A982803C1A400B6037D /* currencies.json */; };
		D1C64A9B2803C42A00B6037D /* OtherCurrencyInteractor.swift in Sources */ = {isa = PBXBuildFile; fileRef = D1C64A9A2803C42A00B6037D /* OtherCurrencyInteractor.swift */; };
		D1C64A9F2803E66000B6037D /* ChangeCurrencyPresenter.swift in Sources */ = {isa = PBXBuildFile; fileRef = D1C64A9E2803E66000B6037D /* ChangeCurrencyPresenter.swift */; };
		D1C64AA12803F35600B6037D /* ChangeCurrencyInteractor.swift in Sources */ = {isa = PBXBuildFile; fileRef = D1C64AA02803F35600B6037D /* ChangeCurrencyInteractor.swift */; };
		D1C64AA32803F44600B6037D /* BaseInteractorProtocol.swift in Sources */ = {isa = PBXBuildFile; fileRef = D1C64AA22803F44600B6037D /* BaseInteractorProtocol.swift */; };
/* End PBXBuildFile section */

/* Begin PBXContainerItemProxy section */
		D1B6EC6C2801E34F0003BA0C /* PBXContainerItemProxy */ = {
			isa = PBXContainerItemProxy;
			containerPortal = D1B6EC4D2801E34C0003BA0C /* Project object */;
			proxyType = 1;
			remoteGlobalIDString = D1B6EC542801E34C0003BA0C;
			remoteInfo = "BCP-Challenge";
		};
		D1B6EC762801E3500003BA0C /* PBXContainerItemProxy */ = {
			isa = PBXContainerItemProxy;
			containerPortal = D1B6EC4D2801E34C0003BA0C /* Project object */;
			proxyType = 1;
			remoteGlobalIDString = D1B6EC542801E34C0003BA0C;
			remoteInfo = "BCP-Challenge";
		};
/* End PBXContainerItemProxy section */

/* Begin PBXFileReference section */
		D1AF3FBC2801EBB400795E8F /* ChangeCurrency.storyboard */ = {isa = PBXFileReference; lastKnownFileType = file.storyboard; path = ChangeCurrency.storyboard; sourceTree = "<group>"; };
		D1AF3FC42801F3C500795E8F /* UILabel.swift */ = {isa = PBXFileReference; lastKnownFileType = sourcecode.swift; path = UILabel.swift; sourceTree = "<group>"; };
		D1AF3FC62801F3FF00795E8F /* UIFont.swift */ = {isa = PBXFileReference; lastKnownFileType = sourcecode.swift; path = UIFont.swift; sourceTree = "<group>"; };
		D1AF3FC82801F54B00795E8F /* UIColor.swift */ = {isa = PBXFileReference; lastKnownFileType = sourcecode.swift; path = UIColor.swift; sourceTree = "<group>"; };
		D1AF3FCA2801F6EA00795E8F /* UITextField.swift */ = {isa = PBXFileReference; lastKnownFileType = sourcecode.swift; path = UITextField.swift; sourceTree = "<group>"; };
		D1AF3FCC2801F97700795E8F /* UIView.swift */ = {isa = PBXFileReference; lastKnownFileType = sourcecode.swift; path = UIView.swift; sourceTree = "<group>"; };
		D1AF3FD72803812D00795E8F /* ChangeCurrencyViewController.swift */ = {isa = PBXFileReference; lastKnownFileType = sourcecode.swift; path = ChangeCurrencyViewController.swift; sourceTree = "<group>"; };
		D1B6EC552801E34C0003BA0C /* BCP-Challenge.app */ = {isa = PBXFileReference; explicitFileType = wrapper.application; includeInIndex = 0; path = "BCP-Challenge.app"; sourceTree = BUILT_PRODUCTS_DIR; };
		D1B6EC582801E34D0003BA0C /* AppDelegate.swift */ = {isa = PBXFileReference; lastKnownFileType = sourcecode.swift; path = AppDelegate.swift; sourceTree = "<group>"; };
		D1B6EC5A2801E34D0003BA0C /* SceneDelegate.swift */ = {isa = PBXFileReference; lastKnownFileType = sourcecode.swift; path = SceneDelegate.swift; sourceTree = "<group>"; };
		D1B6EC5C2801E34D0003BA0C /* ViewController.swift */ = {isa = PBXFileReference; lastKnownFileType = sourcecode.swift; path = ViewController.swift; sourceTree = "<group>"; };
		D1B6EC612801E34F0003BA0C /* Assets.xcassets */ = {isa = PBXFileReference; lastKnownFileType = folder.assetcatalog; path = Assets.xcassets; sourceTree = "<group>"; };
		D1B6EC642801E34F0003BA0C /* Base */ = {isa = PBXFileReference; lastKnownFileType = file.storyboard; name = Base; path = Base.lproj/LaunchScreen.storyboard; sourceTree = "<group>"; };
		D1B6EC662801E34F0003BA0C /* Info.plist */ = {isa = PBXFileReference; lastKnownFileType = text.plist.xml; path = Info.plist; sourceTree = "<group>"; };
		D1B6EC6B2801E34F0003BA0C /* BCP-ChallengeTests.xctest */ = {isa = PBXFileReference; explicitFileType = wrapper.cfbundle; includeInIndex = 0; path = "BCP-ChallengeTests.xctest"; sourceTree = BUILT_PRODUCTS_DIR; };
		D1B6EC6F2801E34F0003BA0C /* BCP_ChallengeTests.swift */ = {isa = PBXFileReference; lastKnownFileType = sourcecode.swift; path = BCP_ChallengeTests.swift; sourceTree = "<group>"; };
		D1B6EC752801E3500003BA0C /* BCP-ChallengeUITests.xctest */ = {isa = PBXFileReference; explicitFileType = wrapper.cfbundle; includeInIndex = 0; path = "BCP-ChallengeUITests.xctest"; sourceTree = BUILT_PRODUCTS_DIR; };
		D1B6EC792801E3500003BA0C /* BCP_ChallengeUITests.swift */ = {isa = PBXFileReference; lastKnownFileType = sourcecode.swift; path = BCP_ChallengeUITests.swift; sourceTree = "<group>"; };
		D1B6EC7B2801E3500003BA0C /* BCP_ChallengeUITestsLaunchTests.swift */ = {isa = PBXFileReference; lastKnownFileType = sourcecode.swift; path = BCP_ChallengeUITestsLaunchTests.swift; sourceTree = "<group>"; };
		D1B6EC8A2801E6650003BA0C /* UITableView.swift */ = {isa = PBXFileReference; lastKnownFileType = sourcecode.swift; path = UITableView.swift; sourceTree = "<group>"; };
		D1B6EC8C2801E69F0003BA0C /* UITableViewCell.swift */ = {isa = PBXFileReference; lastKnownFileType = sourcecode.swift; path = UITableViewCell.swift; sourceTree = "<group>"; };
		D1C64A8728038ADB00B6037D /* CurrencyChangeTableViewCell.swift */ = {isa = PBXFileReference; fileEncoding = 4; lastKnownFileType = sourcecode.swift; path = CurrencyChangeTableViewCell.swift; sourceTree = "<group>"; };
		D1C64A8828038ADB00B6037D /* CurrencyChangeTableViewCell.xib */ = {isa = PBXFileReference; fileEncoding = 4; lastKnownFileType = file.xib; path = CurrencyChangeTableViewCell.xib; sourceTree = "<group>"; };
		D1C64A8928038ADB00B6037D /* Currency.swift */ = {isa = PBXFileReference; fileEncoding = 4; lastKnownFileType = sourcecode.swift; path = Currency.swift; sourceTree = "<group>"; };
		D1C64A8D28039E8000B6037D /* OtherCurrenciesTableViewCell.swift */ = {isa = PBXFileReference; lastKnownFileType = sourcecode.swift; path = OtherCurrenciesTableViewCell.swift; sourceTree = "<group>"; };
		D1C64A8E28039E8000B6037D /* OtherCurrenciesTableViewCell.xib */ = {isa = PBXFileReference; lastKnownFileType = file.xib; path = OtherCurrenciesTableViewCell.xib; sourceTree = "<group>"; };
		D1C64A922803A0E400B6037D /* OtherCurrencies.storyboard */ = {isa = PBXFileReference; lastKnownFileType = file.storyboard; path = OtherCurrencies.storyboard; sourceTree = "<group>"; };
		D1C64A942803A10000B6037D /* OtherCurrenciesViewController.swift */ = {isa = PBXFileReference; lastKnownFileType = sourcecode.swift; path = OtherCurrenciesViewController.swift; sourceTree = "<group>"; };
		D1C64A962803A1EA00B6037D /* PairCurrency.swift */ = {isa = PBXFileReference; lastKnownFileType = sourcecode.swift; path = PairCurrency.swift; sourceTree = "<group>"; };
		D1C64A982803C1A400B6037D /* currencies.json */ = {isa = PBXFileReference; lastKnownFileType = text.json; path = currencies.json; sourceTree = "<group>"; };
		D1C64A9A2803C42A00B6037D /* OtherCurrencyInteractor.swift */ = {isa = PBXFileReference; lastKnownFileType = sourcecode.swift; path = OtherCurrencyInteractor.swift; sourceTree = "<group>"; };
		D1C64A9E2803E66000B6037D /* ChangeCurrencyPresenter.swift */ = {isa = PBXFileReference; lastKnownFileType = sourcecode.swift; path = ChangeCurrencyPresenter.swift; sourceTree = "<group>"; };
		D1C64AA02803F35600B6037D /* ChangeCurrencyInteractor.swift */ = {isa = PBXFileReference; lastKnownFileType = sourcecode.swift; path = ChangeCurrencyInteractor.swift; sourceTree = "<group>"; };
		D1C64AA22803F44600B6037D /* BaseInteractorProtocol.swift */ = {isa = PBXFileReference; lastKnownFileType = sourcecode.swift; path = BaseInteractorProtocol.swift; sourceTree = "<group>"; };
/* End PBXFileReference section */

/* Begin PBXFrameworksBuildPhase section */
		D1B6EC522801E34C0003BA0C /* Frameworks */ = {
			isa = PBXFrameworksBuildPhase;
			buildActionMask = 2147483647;
			files = (
			);
			runOnlyForDeploymentPostprocessing = 0;
		};
		D1B6EC682801E34F0003BA0C /* Frameworks */ = {
			isa = PBXFrameworksBuildPhase;
			buildActionMask = 2147483647;
			files = (
			);
			runOnlyForDeploymentPostprocessing = 0;
		};
		D1B6EC722801E3500003BA0C /* Frameworks */ = {
			isa = PBXFrameworksBuildPhase;
			buildActionMask = 2147483647;
			files = (
			);
			runOnlyForDeploymentPostprocessing = 0;
		};
/* End PBXFrameworksBuildPhase section */

/* Begin PBXGroup section */
		D1AF3FBA2801E9CC00795E8F /* Modules */ = {
			isa = PBXGroup;
			children = (
				D1C64A912803A0CA00B6037D /* OtherCurrencies */,
				D1AF3FBB2801E9D300795E8F /* ChangeCurrency */,
			);
			path = Modules;
			sourceTree = "<group>";
		};
		D1AF3FBB2801E9D300795E8F /* ChangeCurrency */ = {
			isa = PBXGroup;
			children = (
				D1AF3FBC2801EBB400795E8F /* ChangeCurrency.storyboard */,
				D1AF3FD72803812D00795E8F /* ChangeCurrencyViewController.swift */,
				D1C64A9E2803E66000B6037D /* ChangeCurrencyPresenter.swift */,
				D1C64AA02803F35600B6037D /* ChangeCurrencyInteractor.swift */,
			);
			path = ChangeCurrency;
			sourceTree = "<group>";
		};
		D1B6EC4C2801E34C0003BA0C = {
			isa = PBXGroup;
			children = (
				D1B6EC572801E34C0003BA0C /* BCP-Challenge */,
				D1B6EC6E2801E34F0003BA0C /* BCP-ChallengeTests */,
				D1B6EC782801E3500003BA0C /* BCP-ChallengeUITests */,
				D1B6EC562801E34C0003BA0C /* Products */,
			);
			sourceTree = "<group>";
		};
		D1B6EC562801E34C0003BA0C /* Products */ = {
			isa = PBXGroup;
			children = (
				D1B6EC552801E34C0003BA0C /* BCP-Challenge.app */,
				D1B6EC6B2801E34F0003BA0C /* BCP-ChallengeTests.xctest */,
				D1B6EC752801E3500003BA0C /* BCP-ChallengeUITests.xctest */,
			);
			name = Products;
			sourceTree = "<group>";
		};
		D1B6EC572801E34C0003BA0C /* BCP-Challenge */ = {
			isa = PBXGroup;
			children = (
				D1C64A8628038ADB00B6037D /* CustomTableViewCells */,
				D1AF3FBA2801E9CC00795E8F /* Modules */,
				D1B6EC882801E6490003BA0C /* Utils */,
				D1B6EC582801E34D0003BA0C /* AppDelegate.swift */,
				D1B6EC5A2801E34D0003BA0C /* SceneDelegate.swift */,
				D1B6EC5C2801E34D0003BA0C /* ViewController.swift */,
				D1B6EC612801E34F0003BA0C /* Assets.xcassets */,
				D1B6EC632801E34F0003BA0C /* LaunchScreen.storyboard */,
				D1B6EC662801E34F0003BA0C /* Info.plist */,
				D1C64A982803C1A400B6037D /* currencies.json */,
			);
			path = "BCP-Challenge";
			sourceTree = "<group>";
		};
		D1B6EC6E2801E34F0003BA0C /* BCP-ChallengeTests */ = {
			isa = PBXGroup;
			children = (
				D1B6EC6F2801E34F0003BA0C /* BCP_ChallengeTests.swift */,
			);
			path = "BCP-ChallengeTests";
			sourceTree = "<group>";
		};
		D1B6EC782801E3500003BA0C /* BCP-ChallengeUITests */ = {
			isa = PBXGroup;
			children = (
				D1B6EC792801E3500003BA0C /* BCP_ChallengeUITests.swift */,
				D1B6EC7B2801E3500003BA0C /* BCP_ChallengeUITestsLaunchTests.swift */,
			);
			path = "BCP-ChallengeUITests";
			sourceTree = "<group>";
		};
		D1B6EC882801E6490003BA0C /* Utils */ = {
			isa = PBXGroup;
			children = (
				D1B6EC892801E64E0003BA0C /* Extensions */,
				D1C64AA22803F44600B6037D /* BaseInteractorProtocol.swift */,
			);
			path = Utils;
			sourceTree = "<group>";
		};
		D1B6EC892801E64E0003BA0C /* Extensions */ = {
			isa = PBXGroup;
			children = (
				D1B6EC8A2801E6650003BA0C /* UITableView.swift */,
				D1B6EC8C2801E69F0003BA0C /* UITableViewCell.swift */,
				D1AF3FC42801F3C500795E8F /* UILabel.swift */,
				D1AF3FC62801F3FF00795E8F /* UIFont.swift */,
				D1AF3FC82801F54B00795E8F /* UIColor.swift */,
				D1AF3FCA2801F6EA00795E8F /* UITextField.swift */,
				D1AF3FCC2801F97700795E8F /* UIView.swift */,
			);
			path = Extensions;
			sourceTree = "<group>";
		};
		D1C64A8628038ADB00B6037D /* CustomTableViewCells */ = {
			isa = PBXGroup;
			children = (
				D1C64AA4280407A300B6037D /* Models */,
				D1C64A9D2803C7DE00B6037D /* OtherCurrencies */,
				D1C64A9C2803C7CF00B6037D /* CurrencyChange */,
			);
			path = CustomTableViewCells;
			sourceTree = "<group>";
		};
		D1C64A912803A0CA00B6037D /* OtherCurrencies */ = {
			isa = PBXGroup;
			children = (
				D1C64A922803A0E400B6037D /* OtherCurrencies.storyboard */,
				D1C64A942803A10000B6037D /* OtherCurrenciesViewController.swift */,
				D1C64A9A2803C42A00B6037D /* OtherCurrencyInteractor.swift */,
			);
			path = OtherCurrencies;
			sourceTree = "<group>";
		};
		D1C64A9C2803C7CF00B6037D /* CurrencyChange */ = {
			isa = PBXGroup;
			children = (
				D1C64A8728038ADB00B6037D /* CurrencyChangeTableViewCell.swift */,
				D1C64A8828038ADB00B6037D /* CurrencyChangeTableViewCell.xib */,
			);
			path = CurrencyChange;
			sourceTree = "<group>";
		};
		D1C64A9D2803C7DE00B6037D /* OtherCurrencies */ = {
			isa = PBXGroup;
			children = (
				D1C64A8D28039E8000B6037D /* OtherCurrenciesTableViewCell.swift */,
				D1C64A8E28039E8000B6037D /* OtherCurrenciesTableViewCell.xib */,
			);
			path = OtherCurrencies;
			sourceTree = "<group>";
		};
		D1C64AA4280407A300B6037D /* Models */ = {
			isa = PBXGroup;
			children = (
				D1C64A962803A1EA00B6037D /* PairCurrency.swift */,
				D1C64A8928038ADB00B6037D /* Currency.swift */,
			);
			path = Models;
			sourceTree = "<group>";
		};
/* End PBXGroup section */

/* Begin PBXNativeTarget section */
		D1B6EC542801E34C0003BA0C /* BCP-Challenge */ = {
			isa = PBXNativeTarget;
			buildConfigurationList = D1B6EC7F2801E3500003BA0C /* Build configuration list for PBXNativeTarget "BCP-Challenge" */;
			buildPhases = (
				D1B6EC512801E34C0003BA0C /* Sources */,
				D1B6EC522801E34C0003BA0C /* Frameworks */,
				D1B6EC532801E34C0003BA0C /* Resources */,
			);
			buildRules = (
			);
			dependencies = (
			);
			name = "BCP-Challenge";
			productName = "BCP-Challenge";
			productReference = D1B6EC552801E34C0003BA0C /* BCP-Challenge.app */;
			productType = "com.apple.product-type.application";
		};
		D1B6EC6A2801E34F0003BA0C /* BCP-ChallengeTests */ = {
			isa = PBXNativeTarget;
			buildConfigurationList = D1B6EC822801E3500003BA0C /* Build configuration list for PBXNativeTarget "BCP-ChallengeTests" */;
			buildPhases = (
				D1B6EC672801E34F0003BA0C /* Sources */,
				D1B6EC682801E34F0003BA0C /* Frameworks */,
				D1B6EC692801E34F0003BA0C /* Resources */,
			);
			buildRules = (
			);
			dependencies = (
				D1B6EC6D2801E34F0003BA0C /* PBXTargetDependency */,
			);
			name = "BCP-ChallengeTests";
			productName = "BCP-ChallengeTests";
			productReference = D1B6EC6B2801E34F0003BA0C /* BCP-ChallengeTests.xctest */;
			productType = "com.apple.product-type.bundle.unit-test";
		};
		D1B6EC742801E3500003BA0C /* BCP-ChallengeUITests */ = {
			isa = PBXNativeTarget;
			buildConfigurationList = D1B6EC852801E3500003BA0C /* Build configuration list for PBXNativeTarget "BCP-ChallengeUITests" */;
			buildPhases = (
				D1B6EC712801E3500003BA0C /* Sources */,
				D1B6EC722801E3500003BA0C /* Frameworks */,
				D1B6EC732801E3500003BA0C /* Resources */,
			);
			buildRules = (
			);
			dependencies = (
				D1B6EC772801E3500003BA0C /* PBXTargetDependency */,
			);
			name = "BCP-ChallengeUITests";
			productName = "BCP-ChallengeUITests";
			productReference = D1B6EC752801E3500003BA0C /* BCP-ChallengeUITests.xctest */;
			productType = "com.apple.product-type.bundle.ui-testing";
		};
/* End PBXNativeTarget section */

/* Begin PBXProject section */
		D1B6EC4D2801E34C0003BA0C /* Project object */ = {
			isa = PBXProject;
			attributes = {
				BuildIndependentTargetsInParallel = 1;
				LastSwiftUpdateCheck = 1310;
				LastUpgradeCheck = 1310;
				TargetAttributes = {
					D1B6EC542801E34C0003BA0C = {
						CreatedOnToolsVersion = 13.1;
					};
					D1B6EC6A2801E34F0003BA0C = {
						CreatedOnToolsVersion = 13.1;
						TestTargetID = D1B6EC542801E34C0003BA0C;
					};
					D1B6EC742801E3500003BA0C = {
						CreatedOnToolsVersion = 13.1;
						TestTargetID = D1B6EC542801E34C0003BA0C;
					};
				};
			};
			buildConfigurationList = D1B6EC502801E34C0003BA0C /* Build configuration list for PBXProject "BCP-Challenge" */;
			compatibilityVersion = "Xcode 13.0";
			developmentRegion = en;
			hasScannedForEncodings = 0;
			knownRegions = (
				en,
				Base,
			);
			mainGroup = D1B6EC4C2801E34C0003BA0C;
			productRefGroup = D1B6EC562801E34C0003BA0C /* Products */;
			projectDirPath = "";
			projectRoot = "";
			targets = (
				D1B6EC542801E34C0003BA0C /* BCP-Challenge */,
				D1B6EC6A2801E34F0003BA0C /* BCP-ChallengeTests */,
				D1B6EC742801E3500003BA0C /* BCP-ChallengeUITests */,
			);
		};
/* End PBXProject section */

/* Begin PBXResourcesBuildPhase section */
		D1B6EC532801E34C0003BA0C /* Resources */ = {
			isa = PBXResourcesBuildPhase;
			buildActionMask = 2147483647;
			files = (
				D1C64A8B28038ADB00B6037D /* CurrencyChangeTableViewCell.xib in Resources */,
				D1B6EC652801E34F0003BA0C /* LaunchScreen.storyboard in Resources */,
				D1C64A932803A0E400B6037D /* OtherCurrencies.storyboard in Resources */,
				D1C64A992803C1A600B6037D /* currencies.json in Resources */,
				D1C64A9028039E8000B6037D /* OtherCurrenciesTableViewCell.xib in Resources */,
				D1AF3FBD2801EBB400795E8F /* ChangeCurrency.storyboard in Resources */,
				D1B6EC622801E34F0003BA0C /* Assets.xcassets in Resources */,
			);
			runOnlyForDeploymentPostprocessing = 0;
		};
		D1B6EC692801E34F0003BA0C /* Resources */ = {
			isa = PBXResourcesBuildPhase;
			buildActionMask = 2147483647;
			files = (
			);
			runOnlyForDeploymentPostprocessing = 0;
		};
		D1B6EC732801E3500003BA0C /* Resources */ = {
			isa = PBXResourcesBuildPhase;
			buildActionMask = 2147483647;
			files = (
			);
			runOnlyForDeploymentPostprocessing = 0;
		};
/* End PBXResourcesBuildPhase section */

/* Begin PBXSourcesBuildPhase section */
		D1B6EC512801E34C0003BA0C /* Sources */ = {
			isa = PBXSourcesBuildPhase;
			buildActionMask = 2147483647;
			files = (
				D1C64A8A28038ADB00B6037D /* CurrencyChangeTableViewCell.swift in Sources */,
				D1C64A8F28039E8000B6037D /* OtherCurrenciesTableViewCell.swift in Sources */,
				D1B6EC8D2801E69F0003BA0C /* UITableViewCell.swift in Sources */,
				D1AF3FCB2801F6EA00795E8F /* UITextField.swift in Sources */,
				D1C64A952803A10000B6037D /* OtherCurrenciesViewController.swift in Sources */,
				D1AF3FCD2801F97700795E8F /* UIView.swift in Sources */,
				D1B6EC5D2801E34D0003BA0C /* ViewController.swift in Sources */,
				D1AF3FC52801F3C500795E8F /* UILabel.swift in Sources */,
				D1C64A9B2803C42A00B6037D /* OtherCurrencyInteractor.swift in Sources */,
				D1B6EC8B2801E6650003BA0C /* UITableView.swift in Sources */,
				D1C64A8C28038ADB00B6037D /* Currency.swift in Sources */,
				D1C64A972803A1EA00B6037D /* PairCurrency.swift in Sources */,
				D1AF3FC92801F54B00795E8F /* UIColor.swift in Sources */,
				D1C64A9F2803E66000B6037D /* ChangeCurrencyPresenter.swift in Sources */,
				D1AF3FD82803812E00795E8F /* ChangeCurrencyViewController.swift in Sources */,
				D1AF3FC72801F3FF00795E8F /* UIFont.swift in Sources */,
				D1B6EC592801E34D0003BA0C /* AppDelegate.swift in Sources */,
				D1B6EC5B2801E34D0003BA0C /* SceneDelegate.swift in Sources */,
				D1C64AA12803F35600B6037D /* ChangeCurrencyInteractor.swift in Sources */,
				D1C64AA32803F44600B6037D /* BaseInteractorProtocol.swift in Sources */,
			);
			runOnlyForDeploymentPostprocessing = 0;
		};
		D1B6EC672801E34F0003BA0C /* Sources */ = {
			isa = PBXSourcesBuildPhase;
			buildActionMask = 2147483647;
			files = (
				D1B6EC702801E34F0003BA0C /* BCP_ChallengeTests.swift in Sources */,
			);
			runOnlyForDeploymentPostprocessing = 0;
		};
		D1B6EC712801E3500003BA0C /* Sources */ = {
			isa = PBXSourcesBuildPhase;
			buildActionMask = 2147483647;
			files = (
				D1B6EC7C2801E3500003BA0C /* BCP_ChallengeUITestsLaunchTests.swift in Sources */,
				D1B6EC7A2801E3500003BA0C /* BCP_ChallengeUITests.swift in Sources */,
			);
			runOnlyForDeploymentPostprocessing = 0;
		};
/* End PBXSourcesBuildPhase section */

/* Begin PBXTargetDependency section */
		D1B6EC6D2801E34F0003BA0C /* PBXTargetDependency */ = {
			isa = PBXTargetDependency;
			target = D1B6EC542801E34C0003BA0C /* BCP-Challenge */;
			targetProxy = D1B6EC6C2801E34F0003BA0C /* PBXContainerItemProxy */;
		};
		D1B6EC772801E3500003BA0C /* PBXTargetDependency */ = {
			isa = PBXTargetDependency;
			target = D1B6EC542801E34C0003BA0C /* BCP-Challenge */;
			targetProxy = D1B6EC762801E3500003BA0C /* PBXContainerItemProxy */;
		};
/* End PBXTargetDependency section */

/* Begin PBXVariantGroup section */
		D1B6EC632801E34F0003BA0C /* LaunchScreen.storyboard */ = {
			isa = PBXVariantGroup;
			children = (
				D1B6EC642801E34F0003BA0C /* Base */,
			);
			name = LaunchScreen.storyboard;
			sourceTree = "<group>";
		};
/* End PBXVariantGroup section */

/* Begin XCBuildConfiguration section */
		D1B6EC7D2801E3500003BA0C /* Debug */ = {
			isa = XCBuildConfiguration;
			buildSettings = {
				ALWAYS_SEARCH_USER_PATHS = NO;
				CLANG_ANALYZER_NONNULL = YES;
				CLANG_ANALYZER_NUMBER_OBJECT_CONVERSION = YES_AGGRESSIVE;
				CLANG_CXX_LANGUAGE_STANDARD = "gnu++17";
				CLANG_CXX_LIBRARY = "libc++";
				CLANG_ENABLE_MODULES = YES;
				CLANG_ENABLE_OBJC_ARC = YES;
				CLANG_ENABLE_OBJC_WEAK = YES;
				CLANG_WARN_BLOCK_CAPTURE_AUTORELEASING = YES;
				CLANG_WARN_BOOL_CONVERSION = YES;
				CLANG_WARN_COMMA = YES;
				CLANG_WARN_CONSTANT_CONVERSION = YES;
				CLANG_WARN_DEPRECATED_OBJC_IMPLEMENTATIONS = YES;
				CLANG_WARN_DIRECT_OBJC_ISA_USAGE = YES_ERROR;
				CLANG_WARN_DOCUMENTATION_COMMENTS = YES;
				CLANG_WARN_EMPTY_BODY = YES;
				CLANG_WARN_ENUM_CONVERSION = YES;
				CLANG_WARN_INFINITE_RECURSION = YES;
				CLANG_WARN_INT_CONVERSION = YES;
				CLANG_WARN_NON_LITERAL_NULL_CONVERSION = YES;
				CLANG_WARN_OBJC_IMPLICIT_RETAIN_SELF = YES;
				CLANG_WARN_OBJC_LITERAL_CONVERSION = YES;
				CLANG_WARN_OBJC_ROOT_CLASS = YES_ERROR;
				CLANG_WARN_QUOTED_INCLUDE_IN_FRAMEWORK_HEADER = YES;
				CLANG_WARN_RANGE_LOOP_ANALYSIS = YES;
				CLANG_WARN_STRICT_PROTOTYPES = YES;
				CLANG_WARN_SUSPICIOUS_MOVE = YES;
				CLANG_WARN_UNGUARDED_AVAILABILITY = YES_AGGRESSIVE;
				CLANG_WARN_UNREACHABLE_CODE = YES;
				CLANG_WARN__DUPLICATE_METHOD_MATCH = YES;
				COPY_PHASE_STRIP = NO;
				DEBUG_INFORMATION_FORMAT = dwarf;
				ENABLE_STRICT_OBJC_MSGSEND = YES;
				ENABLE_TESTABILITY = YES;
				GCC_C_LANGUAGE_STANDARD = gnu11;
				GCC_DYNAMIC_NO_PIC = NO;
				GCC_NO_COMMON_BLOCKS = YES;
				GCC_OPTIMIZATION_LEVEL = 0;
				GCC_PREPROCESSOR_DEFINITIONS = (
					"DEBUG=1",
					"$(inherited)",
				);
				GCC_WARN_64_TO_32_BIT_CONVERSION = YES;
				GCC_WARN_ABOUT_RETURN_TYPE = YES_ERROR;
				GCC_WARN_UNDECLARED_SELECTOR = YES;
				GCC_WARN_UNINITIALIZED_AUTOS = YES_AGGRESSIVE;
				GCC_WARN_UNUSED_FUNCTION = YES;
				GCC_WARN_UNUSED_VARIABLE = YES;
				IPHONEOS_DEPLOYMENT_TARGET = 15.0;
				MTL_ENABLE_DEBUG_INFO = INCLUDE_SOURCE;
				MTL_FAST_MATH = YES;
				ONLY_ACTIVE_ARCH = YES;
				SDKROOT = iphoneos;
				SWIFT_ACTIVE_COMPILATION_CONDITIONS = DEBUG;
				SWIFT_OPTIMIZATION_LEVEL = "-Onone";
			};
			name = Debug;
		};
		D1B6EC7E2801E3500003BA0C /* Release */ = {
			isa = XCBuildConfiguration;
			buildSettings = {
				ALWAYS_SEARCH_USER_PATHS = NO;
				CLANG_ANALYZER_NONNULL = YES;
				CLANG_ANALYZER_NUMBER_OBJECT_CONVERSION = YES_AGGRESSIVE;
				CLANG_CXX_LANGUAGE_STANDARD = "gnu++17";
				CLANG_CXX_LIBRARY = "libc++";
				CLANG_ENABLE_MODULES = YES;
				CLANG_ENABLE_OBJC_ARC = YES;
				CLANG_ENABLE_OBJC_WEAK = YES;
				CLANG_WARN_BLOCK_CAPTURE_AUTORELEASING = YES;
				CLANG_WARN_BOOL_CONVERSION = YES;
				CLANG_WARN_COMMA = YES;
				CLANG_WARN_CONSTANT_CONVERSION = YES;
				CLANG_WARN_DEPRECATED_OBJC_IMPLEMENTATIONS = YES;
				CLANG_WARN_DIRECT_OBJC_ISA_USAGE = YES_ERROR;
				CLANG_WARN_DOCUMENTATION_COMMENTS = YES;
				CLANG_WARN_EMPTY_BODY = YES;
				CLANG_WARN_ENUM_CONVERSION = YES;
				CLANG_WARN_INFINITE_RECURSION = YES;
				CLANG_WARN_INT_CONVERSION = YES;
				CLANG_WARN_NON_LITERAL_NULL_CONVERSION = YES;
				CLANG_WARN_OBJC_IMPLICIT_RETAIN_SELF = YES;
				CLANG_WARN_OBJC_LITERAL_CONVERSION = YES;
				CLANG_WARN_OBJC_ROOT_CLASS = YES_ERROR;
				CLANG_WARN_QUOTED_INCLUDE_IN_FRAMEWORK_HEADER = YES;
				CLANG_WARN_RANGE_LOOP_ANALYSIS = YES;
				CLANG_WARN_STRICT_PROTOTYPES = YES;
				CLANG_WARN_SUSPICIOUS_MOVE = YES;
				CLANG_WARN_UNGUARDED_AVAILABILITY = YES_AGGRESSIVE;
				CLANG_WARN_UNREACHABLE_CODE = YES;
				CLANG_WARN__DUPLICATE_METHOD_MATCH = YES;
				COPY_PHASE_STRIP = NO;
				DEBUG_INFORMATION_FORMAT = "dwarf-with-dsym";
				ENABLE_NS_ASSERTIONS = NO;
				ENABLE_STRICT_OBJC_MSGSEND = YES;
				GCC_C_LANGUAGE_STANDARD = gnu11;
				GCC_NO_COMMON_BLOCKS = YES;
				GCC_WARN_64_TO_32_BIT_CONVERSION = YES;
				GCC_WARN_ABOUT_RETURN_TYPE = YES_ERROR;
				GCC_WARN_UNDECLARED_SELECTOR = YES;
				GCC_WARN_UNINITIALIZED_AUTOS = YES_AGGRESSIVE;
				GCC_WARN_UNUSED_FUNCTION = YES;
				GCC_WARN_UNUSED_VARIABLE = YES;
				IPHONEOS_DEPLOYMENT_TARGET = 15.0;
				MTL_ENABLE_DEBUG_INFO = NO;
				MTL_FAST_MATH = YES;
				SDKROOT = iphoneos;
				SWIFT_COMPILATION_MODE = wholemodule;
				SWIFT_OPTIMIZATION_LEVEL = "-O";
				VALIDATE_PRODUCT = YES;
			};
			name = Release;
		};
		D1B6EC802801E3500003BA0C /* Debug */ = {
			isa = XCBuildConfiguration;
			buildSettings = {
				ASSETCATALOG_COMPILER_APPICON_NAME = AppIcon;
				ASSETCATALOG_COMPILER_GLOBAL_ACCENT_COLOR_NAME = AccentColor;
				CODE_SIGN_STYLE = Automatic;
				CURRENT_PROJECT_VERSION = 1;
				DEVELOPMENT_TEAM = 9NXU2JVB26;
				GENERATE_INFOPLIST_FILE = YES;
				INFOPLIST_FILE = "BCP-Challenge/Info.plist";
				INFOPLIST_KEY_UIApplicationSupportsIndirectInputEvents = YES;
				INFOPLIST_KEY_UILaunchStoryboardName = LaunchScreen;
				INFOPLIST_KEY_UIMainStoryboardFile = ChangeCurrency;
				INFOPLIST_KEY_UISupportedInterfaceOrientations_iPad = "UIInterfaceOrientationPortrait UIInterfaceOrientationPortraitUpsideDown UIInterfaceOrientationLandscapeLeft UIInterfaceOrientationLandscapeRight";
				INFOPLIST_KEY_UISupportedInterfaceOrientations_iPhone = "UIInterfaceOrientationPortrait UIInterfaceOrientationLandscapeLeft UIInterfaceOrientationLandscapeRight";
				LD_RUNPATH_SEARCH_PATHS = (
					"$(inherited)",
					"@executable_path/Frameworks",
				);
				MARKETING_VERSION = 1.0;
				PRODUCT_BUNDLE_IDENTIFIER = "com.bcp.BCP-Challenge";
				PRODUCT_NAME = "$(TARGET_NAME)";
				SWIFT_EMIT_LOC_STRINGS = YES;
				SWIFT_VERSION = 5.0;
				TARGETED_DEVICE_FAMILY = "1,2";
			};
			name = Debug;
		};
		D1B6EC812801E3500003BA0C /* Release */ = {
			isa = XCBuildConfiguration;
			buildSettings = {
				ASSETCATALOG_COMPILER_APPICON_NAME = AppIcon;
				ASSETCATALOG_COMPILER_GLOBAL_ACCENT_COLOR_NAME = AccentColor;
				CODE_SIGN_STYLE = Automatic;
				CURRENT_PROJECT_VERSION = 1;
				DEVELOPMENT_TEAM = 9NXU2JVB26;
				GENERATE_INFOPLIST_FILE = YES;
				INFOPLIST_FILE = "BCP-Challenge/Info.plist";
				INFOPLIST_KEY_UIApplicationSupportsIndirectInputEvents = YES;
				INFOPLIST_KEY_UILaunchStoryboardName = LaunchScreen;
				INFOPLIST_KEY_UIMainStoryboardFile = ChangeCurrency;
				INFOPLIST_KEY_UISupportedInterfaceOrientations_iPad = "UIInterfaceOrientationPortrait UIInterfaceOrientationPortraitUpsideDown UIInterfaceOrientationLandscapeLeft UIInterfaceOrientationLandscapeRight";
				INFOPLIST_KEY_UISupportedInterfaceOrientations_iPhone = "UIInterfaceOrientationPortrait UIInterfaceOrientationLandscapeLeft UIInterfaceOrientationLandscapeRight";
				LD_RUNPATH_SEARCH_PATHS = (
					"$(inherited)",
					"@executable_path/Frameworks",
				);
				MARKETING_VERSION = 1.0;
				PRODUCT_BUNDLE_IDENTIFIER = "com.bcp.BCP-Challenge";
				PRODUCT_NAME = "$(TARGET_NAME)";
				SWIFT_EMIT_LOC_STRINGS = YES;
				SWIFT_VERSION = 5.0;
				TARGETED_DEVICE_FAMILY = "1,2";
			};
			name = Release;
		};
		D1B6EC832801E3500003BA0C /* Debug */ = {
			isa = XCBuildConfiguration;
			buildSettings = {
				ALWAYS_EMBED_SWIFT_STANDARD_LIBRARIES = YES;
				BUNDLE_LOADER = "$(TEST_HOST)";
				CODE_SIGN_STYLE = Automatic;
				CURRENT_PROJECT_VERSION = 1;
				DEVELOPMENT_TEAM = 9NXU2JVB26;
				GENERATE_INFOPLIST_FILE = YES;
				IPHONEOS_DEPLOYMENT_TARGET = 15.0;
				LD_RUNPATH_SEARCH_PATHS = (
					"$(inherited)",
					"@executable_path/Frameworks",
					"@loader_path/Frameworks",
				);
				MARKETING_VERSION = 1.0;
				PRODUCT_BUNDLE_IDENTIFIER = "com.bcp.BCP-ChallengeTests";
				PRODUCT_NAME = "$(TARGET_NAME)";
				SWIFT_EMIT_LOC_STRINGS = NO;
				SWIFT_VERSION = 5.0;
				TARGETED_DEVICE_FAMILY = "1,2";
				TEST_HOST = "$(BUILT_PRODUCTS_DIR)/BCP-Challenge.app/BCP-Challenge";
			};
			name = Debug;
		};
		D1B6EC842801E3500003BA0C /* Release */ = {
			isa = XCBuildConfiguration;
			buildSettings = {
				ALWAYS_EMBED_SWIFT_STANDARD_LIBRARIES = YES;
				BUNDLE_LOADER = "$(TEST_HOST)";
				CODE_SIGN_STYLE = Automatic;
				CURRENT_PROJECT_VERSION = 1;
				DEVELOPMENT_TEAM = 9NXU2JVB26;
				GENERATE_INFOPLIST_FILE = YES;
				IPHONEOS_DEPLOYMENT_TARGET = 15.0;
				LD_RUNPATH_SEARCH_PATHS = (
					"$(inherited)",
					"@executable_path/Frameworks",
					"@loader_path/Frameworks",
				);
				MARKETING_VERSION = 1.0;
				PRODUCT_BUNDLE_IDENTIFIER = "com.bcp.BCP-ChallengeTests";
				PRODUCT_NAME = "$(TARGET_NAME)";
				SWIFT_EMIT_LOC_STRINGS = NO;
				SWIFT_VERSION = 5.0;
				TARGETED_DEVICE_FAMILY = "1,2";
				TEST_HOST = "$(BUILT_PRODUCTS_DIR)/BCP-Challenge.app/BCP-Challenge";
			};
			name = Release;
		};
		D1B6EC862801E3500003BA0C /* Debug */ = {
			isa = XCBuildConfiguration;
			buildSettings = {
				ALWAYS_EMBED_SWIFT_STANDARD_LIBRARIES = YES;
				CODE_SIGN_STYLE = Automatic;
				CURRENT_PROJECT_VERSION = 1;
				DEVELOPMENT_TEAM = 9NXU2JVB26;
				GENERATE_INFOPLIST_FILE = YES;
				LD_RUNPATH_SEARCH_PATHS = (
					"$(inherited)",
					"@executable_path/Frameworks",
					"@loader_path/Frameworks",
				);
				MARKETING_VERSION = 1.0;
				PRODUCT_BUNDLE_IDENTIFIER = "com.bcp.BCP-ChallengeUITests";
				PRODUCT_NAME = "$(TARGET_NAME)";
				SWIFT_EMIT_LOC_STRINGS = NO;
				SWIFT_VERSION = 5.0;
				TARGETED_DEVICE_FAMILY = "1,2";
				TEST_TARGET_NAME = "BCP-Challenge";
			};
			name = Debug;
		};
		D1B6EC872801E3500003BA0C /* Release */ = {
			isa = XCBuildConfiguration;
			buildSettings = {
				ALWAYS_EMBED_SWIFT_STANDARD_LIBRARIES = YES;
				CODE_SIGN_STYLE = Automatic;
				CURRENT_PROJECT_VERSION = 1;
				DEVELOPMENT_TEAM = 9NXU2JVB26;
				GENERATE_INFOPLIST_FILE = YES;
				LD_RUNPATH_SEARCH_PATHS = (
					"$(inherited)",
					"@executable_path/Frameworks",
					"@loader_path/Frameworks",
				);
				MARKETING_VERSION = 1.0;
				PRODUCT_BUNDLE_IDENTIFIER = "com.bcp.BCP-ChallengeUITests";
				PRODUCT_NAME = "$(TARGET_NAME)";
				SWIFT_EMIT_LOC_STRINGS = NO;
				SWIFT_VERSION = 5.0;
				TARGETED_DEVICE_FAMILY = "1,2";
				TEST_TARGET_NAME = "BCP-Challenge";
			};
			name = Release;
		};
/* End XCBuildConfiguration section */

/* Begin XCConfigurationList section */
		D1B6EC502801E34C0003BA0C /* Build configuration list for PBXProject "BCP-Challenge" */ = {
			isa = XCConfigurationList;
			buildConfigurations = (
				D1B6EC7D2801E3500003BA0C /* Debug */,
				D1B6EC7E2801E3500003BA0C /* Release */,
			);
			defaultConfigurationIsVisible = 0;
			defaultConfigurationName = Release;
		};
		D1B6EC7F2801E3500003BA0C /* Build configuration list for PBXNativeTarget "BCP-Challenge" */ = {
			isa = XCConfigurationList;
			buildConfigurations = (
				D1B6EC802801E3500003BA0C /* Debug */,
				D1B6EC812801E3500003BA0C /* Release */,
			);
			defaultConfigurationIsVisible = 0;
			defaultConfigurationName = Release;
		};
		D1B6EC822801E3500003BA0C /* Build configuration list for PBXNativeTarget "BCP-ChallengeTests" */ = {
			isa = XCConfigurationList;
			buildConfigurations = (
				D1B6EC832801E3500003BA0C /* Debug */,
				D1B6EC842801E3500003BA0C /* Release */,
			);
			defaultConfigurationIsVisible = 0;
			defaultConfigurationName = Release;
		};
		D1B6EC852801E3500003BA0C /* Build configuration list for PBXNativeTarget "BCP-ChallengeUITests" */ = {
			isa = XCConfigurationList;
			buildConfigurations = (
				D1B6EC862801E3500003BA0C /* Debug */,
				D1B6EC872801E3500003BA0C /* Release */,
			);
			defaultConfigurationIsVisible = 0;
			defaultConfigurationName = Release;
		};
/* End XCConfigurationList section */
	};
	rootObject = D1B6EC4D2801E34C0003BA0C /* Project object */;
}
